
Microsoft Visual Studio Solution File, Format Version 12.00
# Visual Studio 14
VisualStudioVersion = 14.0.23107.0
MinimumVisualStudioVersion = 10.0.40219.1
Project("{FAE04EC0-301F-11D3-BF4B-00C04F79EFBC}") = "UrhoSharpDemo.Droid", "UrhoSharpDemo\UrhoSharpDemo.Droid\UrhoSharpDemo.Droid.csproj", "{B5B194FD-487E-4A30-88BD-DB1C1D33DE5E}"
EndProject
Project("{FAE04EC0-301F-11D3-BF4B-00C04F79EFBC}") = "UrhoSharpDemo.iOS", "UrhoSharpDemo\UrhoSharpDemo.iOS\UrhoSharpDemo.iOS.csproj", "{9380100D-E21F-45E4-AAAA-01CCDAE46D58}"
EndProject
Project("{FAE04EC0-301F-11D3-BF4B-00C04F79EFBC}") = "UrhoSharpDemo.WinPhone", "UrhoSharpDemo\UrhoSharpDemo.WinPhone\UrhoSharpDemo.WinPhone.csproj", "{17AE38AE-EED3-4536-92D6-BDD8D9CD6652}"
EndProject
Project("{FAE04EC0-301F-11D3-BF4B-00C04F79EFBC}") = "UrhoSharpDemo", "UrhoSharpDemo\UrhoSharpDemo\UrhoSharpDemo.csproj", "{36142AC9-63C7-4D31-AC91-ED49D300B944}"
EndProject
Global
	GlobalSection(SolutionConfigurationPlatforms) = preSolution
		Ad-Hoc|Any CPU = Ad-Hoc|Any CPU
		Ad-Hoc|ARM = Ad-Hoc|ARM
		Ad-Hoc|iPhone = Ad-Hoc|iPhone
		Ad-Hoc|iPhoneSimulator = Ad-Hoc|iPhoneSimulator
		Ad-Hoc|x86 = Ad-Hoc|x86
		AppStore|Any CPU = AppStore|Any CPU
		AppStore|ARM = AppStore|ARM
		AppStore|iPhone = AppStore|iPhone
		AppStore|iPhoneSimulator = AppStore|iPhoneSimulator
		AppStore|x86 = AppStore|x86
		Debug|Any CPU = Debug|Any CPU
		Debug|ARM = Debug|ARM
		Debug|iPhone = Debug|iPhone
		Debug|iPhoneSimulator = Debug|iPhoneSimulator
		Debug|x86 = Debug|x86
		Release|Any CPU = Release|Any CPU
		Release|ARM = Release|ARM
		Release|iPhone = Release|iPhone
		Release|iPhoneSimulator = Release|iPhoneSimulator
		Release|x86 = Release|x86
	EndGlobalSection
	GlobalSection(ProjectConfigurationPlatforms) = postSolution
		{B5B194FD-487E-4A30-88BD-DB1C1D33DE5E}.Ad-Hoc|Any CPU.ActiveCfg = Release|Any CPU
		{B5B194FD-487E-4A30-88BD-DB1C1D33DE5E}.Ad-Hoc|Any CPU.Build.0 = Release|Any CPU
		{B5B194FD-487E-4A30-88BD-DB1C1D33DE5E}.Ad-Hoc|Any CPU.Deploy.0 = Release|Any CPU
		{B5B194FD-487E-4A30-88BD-DB1C1D33DE5E}.Ad-Hoc|ARM.ActiveCfg = Release|Any CPU
		{B5B194FD-487E-4A30-88BD-DB1C1D33DE5E}.Ad-Hoc|ARM.Build.0 = Release|Any CPU
		{B5B194FD-487E-4A30-88BD-DB1C1D33DE5E}.Ad-Hoc|ARM.Deploy.0 = Release|Any CPU
		{B5B194FD-487E-4A30-88BD-DB1C1D33DE5E}.Ad-Hoc|iPhone.ActiveCfg = Release|Any CPU
		{B5B194FD-487E-4A30-88BD-DB1C1D33DE5E}.Ad-Hoc|iPhone.Build.0 = Release|Any CPU
		{B5B194FD-487E-4A30-88BD-DB1C1D33DE5E}.Ad-Hoc|iPhone.Deploy.0 = Release|Any CPU
		{B5B194FD-487E-4A30-88BD-DB1C1D33DE5E}.Ad-Hoc|iPhoneSimulator.ActiveCfg = Release|Any CPU
		{B5B194FD-487E-4A30-88BD-DB1C1D33DE5E}.Ad-Hoc|iPhoneSimulator.Build.0 = Release|Any CPU
		{B5B194FD-487E-4A30-88BD-DB1C1D33DE5E}.Ad-Hoc|iPhoneSimulator.Deploy.0 = Release|Any CPU
		{B5B194FD-487E-4A30-88BD-DB1C1D33DE5E}.Ad-Hoc|x86.ActiveCfg = Release|Any CPU
		{B5B194FD-487E-4A30-88BD-DB1C1D33DE5E}.Ad-Hoc|x86.Build.0 = Release|Any CPU
		{B5B194FD-487E-4A30-88BD-DB1C1D33DE5E}.Ad-Hoc|x86.Deploy.0 = Release|Any CPU
		{B5B194FD-487E-4A30-88BD-DB1C1D33DE5E}.AppStore|Any CPU.ActiveCfg = Release|Any CPU
		{B5B194FD-487E-4A30-88BD-DB1C1D33DE5E}.AppStore|Any CPU.Build.0 = Release|Any CPU
		{B5B194FD-487E-4A30-88BD-DB1C1D33DE5E}.AppStore|Any CPU.Deploy.0 = Release|Any CPU
		{B5B194FD-487E-4A30-88BD-DB1C1D33DE5E}.AppStore|ARM.ActiveCfg = Release|Any CPU
		{B5B194FD-487E-4A30-88BD-DB1C1D33DE5E}.AppStore|ARM.Build.0 = Release|Any CPU
		{B5B194FD-487E-4A30-88BD-DB1C1D33DE5E}.AppStore|ARM.Deploy.0 = Release|Any CPU
		{B5B194FD-487E-4A30-88BD-DB1C1D33DE5E}.AppStore|iPhone.ActiveCfg = Release|Any CPU
		{B5B194FD-487E-4A30-88BD-DB1C1D33DE5E}.AppStore|iPhone.Build.0 = Release|Any CPU
		{B5B194FD-487E-4A30-88BD-DB1C1D33DE5E}.AppStore|iPhone.Deploy.0 = Release|Any CPU
		{B5B194FD-487E-4A30-88BD-DB1C1D33DE5E}.AppStore|iPhoneSimulator.ActiveCfg = Release|Any CPU
		{B5B194FD-487E-4A30-88BD-DB1C1D33DE5E}.AppStore|iPhoneSimulator.Build.0 = Release|Any CPU
		{B5B194FD-487E-4A30-88BD-DB1C1D33DE5E}.AppStore|iPhoneSimulator.Deploy.0 = Release|Any CPU
		{B5B194FD-487E-4A30-88BD-DB1C1D33DE5E}.AppStore|x86.ActiveCfg = Release|Any CPU
		{B5B194FD-487E-4A30-88BD-DB1C1D33DE5E}.AppStore|x86.Build.0 = Release|Any CPU
		{B5B194FD-487E-4A30-88BD-DB1C1D33DE5E}.AppStore|x86.Deploy.0 = Release|Any CPU
		{B5B194FD-487E-4A30-88BD-DB1C1D33DE5E}.Debug|Any CPU.ActiveCfg = Debug|Any CPU
		{B5B194FD-487E-4A30-88BD-DB1C1D33DE5E}.Debug|Any CPU.Build.0 = Debug|Any CPU
		{B5B194FD-487E-4A30-88BD-DB1C1D33DE5E}.Debug|Any CPU.Deploy.0 = Debug|Any CPU
		{B5B194FD-487E-4A30-88BD-DB1C1D33DE5E}.Debug|ARM.ActiveCfg = Debug|Any CPU
		{B5B194FD-487E-4A30-88BD-DB1C1D33DE5E}.Debug|ARM.Build.0 = Debug|Any CPU
		{B5B194FD-487E-4A30-88BD-DB1C1D33DE5E}.Debug|ARM.Deploy.0 = Debug|Any CPU
		{B5B194FD-487E-4A30-88BD-DB1C1D33DE5E}.Debug|iPhone.ActiveCfg = Debug|Any CPU
		{B5B194FD-487E-4A30-88BD-DB1C1D33DE5E}.Debug|iPhone.Build.0 = Debug|Any CPU
		{B5B194FD-487E-4A30-88BD-DB1C1D33DE5E}.Debug|iPhone.Deploy.0 = Debug|Any CPU
		{B5B194FD-487E-4A30-88BD-DB1C1D33DE5E}.Debug|iPhoneSimulator.ActiveCfg = Debug|Any CPU
		{B5B194FD-487E-4A30-88BD-DB1C1D33DE5E}.Debug|iPhoneSimulator.Build.0 = Debug|Any CPU
		{B5B194FD-487E-4A30-88BD-DB1C1D33DE5E}.Debug|iPhoneSimulator.Deploy.0 = Debug|Any CPU
		{B5B194FD-487E-4A30-88BD-DB1C1D33DE5E}.Debug|x86.ActiveCfg = Debug|Any CPU
		{B5B194FD-487E-4A30-88BD-DB1C1D33DE5E}.Debug|x86.Build.0 = Debug|Any CPU
		{B5B194FD-487E-4A30-88BD-DB1C1D33DE5E}.Debug|x86.Deploy.0 = Debug|Any CPU
		{B5B194FD-487E-4A30-88BD-DB1C1D33DE5E}.Release|Any CPU.ActiveCfg = Release|Any CPU
		{B5B194FD-487E-4A30-88BD-DB1C1D33DE5E}.Release|Any CPU.Build.0 = Release|Any CPU
		{B5B194FD-487E-4A30-88BD-DB1C1D33DE5E}.Release|Any CPU.Deploy.0 = Release|Any CPU
		{B5B194FD-487E-4A30-88BD-DB1C1D33DE5E}.Release|ARM.ActiveCfg = Release|Any CPU
		{B5B194FD-487E-4A30-88BD-DB1C1D33DE5E}.Release|ARM.Build.0 = Release|Any CPU
		{B5B194FD-487E-4A30-88BD-DB1C1D33DE5E}.Release|ARM.Deploy.0 = Release|Any CPU
		{B5B194FD-487E-4A30-88BD-DB1C1D33DE5E}.Release|iPhone.ActiveCfg = Release|Any CPU
		{B5B194FD-487E-4A30-88BD-DB1C1D33DE5E}.Release|iPhone.Build.0 = Release|Any CPU
		{B5B194FD-487E-4A30-88BD-DB1C1D33DE5E}.Release|iPhone.Deploy.0 = Release|Any CPU
		{B5B194FD-487E-4A30-88BD-DB1C1D33DE5E}.Release|iPhoneSimulator.ActiveCfg = Release|Any CPU
		{B5B194FD-487E-4A30-88BD-DB1C1D33DE5E}.Release|iPhoneSimulator.Build.0 = Release|Any CPU
		{B5B194FD-487E-4A30-88BD-DB1C1D33DE5E}.Release|iPhoneSimulator.Deploy.0 = Release|Any CPU
		{B5B194FD-487E-4A30-88BD-DB1C1D33DE5E}.Release|x86.ActiveCfg = Release|Any CPU
		{B5B194FD-487E-4A30-88BD-DB1C1D33DE5E}.Release|x86.Build.0 = Release|Any CPU
		{B5B194FD-487E-4A30-88BD-DB1C1D33DE5E}.Release|x86.Deploy.0 = Release|Any CPU
		{9380100D-E21F-45E4-AAAA-01CCDAE46D58}.Ad-Hoc|Any CPU.ActiveCfg = Ad-Hoc|iPhone
		{9380100D-E21F-45E4-AAAA-01CCDAE46D58}.Ad-Hoc|ARM.ActiveCfg = Ad-Hoc|iPhone
		{9380100D-E21F-45E4-AAAA-01CCDAE46D58}.Ad-Hoc|iPhone.ActiveCfg = Ad-Hoc|iPhone
		{9380100D-E21F-45E4-AAAA-01CCDAE46D58}.Ad-Hoc|iPhone.Build.0 = Ad-Hoc|iPhone
		{9380100D-E21F-45E4-AAAA-01CCDAE46D58}.Ad-Hoc|iPhoneSimulator.ActiveCfg = Ad-Hoc|iPhoneSimulator
		{9380100D-E21F-45E4-AAAA-01CCDAE46D58}.Ad-Hoc|iPhoneSimulator.Build.0 = Ad-Hoc|iPhoneSimulator
		{9380100D-E21F-45E4-AAAA-01CCDAE46D58}.Ad-Hoc|x86.ActiveCfg = Ad-Hoc|iPhone
		{9380100D-E21F-45E4-AAAA-01CCDAE46D58}.AppStore|Any CPU.ActiveCfg = AppStore|iPhone
		{9380100D-E21F-45E4-AAAA-01CCDAE46D58}.AppStore|ARM.ActiveCfg = AppStore|iPhone
		{9380100D-E21F-45E4-AAAA-01CCDAE46D58}.AppStore|iPhone.ActiveCfg = AppStore|iPhone
		{9380100D-E21F-45E4-AAAA-01CCDAE46D58}.AppStore|iPhone.Build.0 = AppStore|iPhone
		{9380100D-E21F-45E4-AAAA-01CCDAE46D58}.AppStore|iPhoneSimulator.ActiveCfg = AppStore|iPhoneSimulator
		{9380100D-E21F-45E4-AAAA-01CCDAE46D58}.AppStore|iPhoneSimulator.Build.0 = AppStore|iPhoneSimulator
		{9380100D-E21F-45E4-AAAA-01CCDAE46D58}.AppStore|x86.ActiveCfg = AppStore|iPhone
		{9380100D-E21F-45E4-AAAA-01CCDAE46D58}.Debug|Any CPU.ActiveCfg = Debug|iPhone
		{9380100D-E21F-45E4-AAAA-01CCDAE46D58}.Debug|ARM.ActiveCfg = Debug|iPhone
		{9380100D-E21F-45E4-AAAA-01CCDAE46D58}.Debug|iPhone.ActiveCfg = Debug|iPhone
		{9380100D-E21F-45E4-AAAA-01CCDAE46D58}.Debug|iPhone.Build.0 = Debug|iPhone
		{9380100D-E21F-45E4-AAAA-01CCDAE46D58}.Debug|iPhoneSimulator.ActiveCfg = Debug|iPhoneSimulator
		{9380100D-E21F-45E4-AAAA-01CCDAE46D58}.Debug|iPhoneSimulator.Build.0 = Debug|iPhoneSimulator
		{9380100D-E21F-45E4-AAAA-01CCDAE46D58}.Debug|x86.ActiveCfg = Debug|iPhone
		{9380100D-E21F-45E4-AAAA-01CCDAE46D58}.Release|Any CPU.ActiveCfg = Release|iPhone
		{9380100D-E21F-45E4-AAAA-01CCDAE46D58}.Release|ARM.ActiveCfg = Release|iPhone
		{9380100D-E21F-45E4-AAAA-01CCDAE46D58}.Release|iPhone.ActiveCfg = Release|iPhone
		{9380100D-E21F-45E4-AAAA-01CCDAE46D58}.Release|iPhone.Build.0 = Release|iPhone
		{9380100D-E21F-45E4-AAAA-01CCDAE46D58}.Release|iPhoneSimulator.ActiveCfg = Release|iPhoneSimulator
		{9380100D-E21F-45E4-AAAA-01CCDAE46D58}.Release|iPhoneSimulator.Build.0 = Release|iPhoneSimulator
		{9380100D-E21F-45E4-AAAA-01CCDAE46D58}.Release|x86.ActiveCfg = Release|iPhone
		{17AE38AE-EED3-4536-92D6-BDD8D9CD6652}.Ad-Hoc|Any CPU.ActiveCfg = Release|Any CPU
		{17AE38AE-EED3-4536-92D6-BDD8D9CD6652}.Ad-Hoc|Any CPU.Build.0 = Release|Any CPU
		{17AE38AE-EED3-4536-92D6-BDD8D9CD6652}.Ad-Hoc|Any CPU.Deploy.0 = Release|Any CPU
		{17AE38AE-EED3-4536-92D6-BDD8D9CD6652}.Ad-Hoc|ARM.ActiveCfg = Release|ARM
		{17AE38AE-EED3-4536-92D6-BDD8D9CD6652}.Ad-Hoc|ARM.Build.0 = Release|ARM
		{17AE38AE-EED3-4536-92D6-BDD8D9CD6652}.Ad-Hoc|ARM.Deploy.0 = Release|ARM
		{17AE38AE-EED3-4536-92D6-BDD8D9CD6652}.Ad-Hoc|iPhone.ActiveCfg = Release|Any CPU
		{17AE38AE-EED3-4536-92D6-BDD8D9CD6652}.Ad-Hoc|iPhone.Build.0 = Release|Any CPU
		{17AE38AE-EED3-4536-92D6-BDD8D9CD6652}.Ad-Hoc|iPhone.Deploy.0 = Release|Any CPU
		{17AE38AE-EED3-4536-92D6-BDD8D9CD6652}.Ad-Hoc|iPhoneSimulator.ActiveCfg = Release|Any CPU
		{17AE38AE-EED3-4536-92D6-BDD8D9CD6652}.Ad-Hoc|iPhoneSimulator.Build.0 = Release|Any CPU
		{17AE38AE-EED3-4536-92D6-BDD8D9CD6652}.Ad-Hoc|iPhoneSimulator.Deploy.0 = Release|Any CPU
		{17AE38AE-EED3-4536-92D6-BDD8D9CD6652}.Ad-Hoc|x86.ActiveCfg = Release|x86
		{17AE38AE-EED3-4536-92D6-BDD8D9CD6652}.Ad-Hoc|x86.Build.0 = Release|x86
		{17AE38AE-EED3-4536-92D6-BDD8D9CD6652}.Ad-Hoc|x86.Deploy.0 = Release|x86
		{17AE38AE-EED3-4536-92D6-BDD8D9CD6652}.AppStore|Any CPU.ActiveCfg = Release|Any CPU
		{17AE38AE-EED3-4536-92D6-BDD8D9CD6652}.AppStore|Any CPU.Build.0 = Release|Any CPU
		{17AE38AE-EED3-4536-92D6-BDD8D9CD6652}.AppStore|Any CPU.Deploy.0 = Release|Any CPU
		{17AE38AE-EED3-4536-92D6-BDD8D9CD6652}.AppStore|ARM.ActiveCfg = Release|ARM
		{17AE38AE-EED3-4536-92D6-BDD8D9CD6652}.AppStore|ARM.Build.0 = Release|ARM
		{17AE38AE-EED3-4536-92D6-BDD8D9CD6652}.AppStore|ARM.Deploy.0 = Release|ARM
		{17AE38AE-EED3-4536-92D6-BDD8D9CD6652}.AppStore|iPhone.ActiveCfg = Release|Any CPU
		{17AE38AE-EED3-4536-92D6-BDD8D9CD6652}.AppStore|iPhone.Build.0 = Release|Any CPU
		{17AE38AE-EED3-4536-92D6-BDD8D9CD6652}.AppStore|iPhone.Deploy.0 = Release|Any CPU
		{17AE38AE-EED3-4536-92D6-BDD8D9CD6652}.AppStore|iPhoneSimulator.ActiveCfg = Release|Any CPU
		{17AE38AE-EED3-4536-92D6-BDD8D9CD6652}.AppStore|iPhoneSimulator.Build.0 = Release|Any CPU
		{17AE38AE-EED3-4536-92D6-BDD8D9CD6652}.AppStore|iPhoneSimulator.Deploy.0 = Release|Any CPU
		{17AE38AE-EED3-4536-92D6-BDD8D9CD6652}.AppStore|x86.ActiveCfg = Release|x86
		{17AE38AE-EED3-4536-92D6-BDD8D9CD6652}.AppStore|x86.Build.0 = Release|x86
		{17AE38AE-EED3-4536-92D6-BDD8D9CD6652}.AppStore|x86.Deploy.0 = Release|x86
		{17AE38AE-EED3-4536-92D6-BDD8D9CD6652}.Debug|Any CPU.ActiveCfg = Debug|Any CPU
		{17AE38AE-EED3-4536-92D6-BDD8D9CD6652}.Debug|Any CPU.Build.0 = Debug|Any CPU
		{17AE38AE-EED3-4536-92D6-BDD8D9CD6652}.Debug|Any CPU.Deploy.0 = Debug|Any CPU
		{17AE38AE-EED3-4536-92D6-BDD8D9CD6652}.Debug|ARM.ActiveCfg = Debug|ARM
		{17AE38AE-EED3-4536-92D6-BDD8D9CD6652}.Debug|ARM.Build.0 = Debug|ARM
		{17AE38AE-EED3-4536-92D6-BDD8D9CD6652}.Debug|ARM.Deploy.0 = Debug|ARM
		{17AE38AE-EED3-4536-92D6-BDD8D9CD6652}.Debug|iPhone.ActiveCfg = Debug|Any CPU
		{17AE38AE-EED3-4536-92D6-BDD8D9CD6652}.Debug|iPhone.Build.0 = Debug|Any CPU
		{17AE38AE-EED3-4536-92D6-BDD8D9CD6652}.Debug|iPhone.Deploy.0 = Debug|Any CPU
		{17AE38AE-EED3-4536-92D6-BDD8D9CD6652}.Debug|iPhoneSimulator.ActiveCfg = Debug|Any CPU
		{17AE38AE-EED3-4536-92D6-BDD8D9CD6652}.Debug|iPhoneSimulator.Build.0 = Debug|Any CPU
		{17AE38AE-EED3-4536-92D6-BDD8D9CD6652}.Debug|iPhoneSimulator.Deploy.0 = Debug|Any CPU
		{17AE38AE-EED3-4536-92D6-BDD8D9CD6652}.Debug|x86.ActiveCfg = Debug|x86
		{17AE38AE-EED3-4536-92D6-BDD8D9CD6652}.Debug|x86.Build.0 = Debug|x86
		{17AE38AE-EED3-4536-92D6-BDD8D9CD6652}.Debug|x86.Deploy.0 = Debug|x86
		{17AE38AE-EED3-4536-92D6-BDD8D9CD6652}.Release|Any CPU.ActiveCfg = Release|Any CPU
		{17AE38AE-EED3-4536-92D6-BDD8D9CD6652}.Release|Any CPU.Build.0 = Release|Any CPU
		{17AE38AE-EED3-4536-92D6-BDD8D9CD6652}.Release|Any CPU.Deploy.0 = Release|Any CPU
		{17AE38AE-EED3-4536-92D6-BDD8D9CD6652}.Release|ARM.ActiveCfg = Release|ARM
		{17AE38AE-EED3-4536-92D6-BDD8D9CD6652}.Release|ARM.Build.0 = Release|ARM
		{17AE38AE-EED3-4536-92D6-BDD8D9CD6652}.Release|ARM.Deploy.0 = Release|ARM
		{17AE38AE-EED3-4536-92D6-BDD8D9CD6652}.Release|iPhone.ActiveCfg = Release|Any CPU
		{17AE38AE-EED3-4536-92D6-BDD8D9CD6652}.Release|iPhone.Build.0 = Release|Any CPU
		{17AE38AE-EED3-4536-92D6-BDD8D9CD6652}.Release|iPhone.Deploy.0 = Release|Any CPU
		{17AE38AE-EED3-4536-92D6-BDD8D9CD6652}.Release|iPhoneSimulator.ActiveCfg = Release|Any CPU
		{17AE38AE-EED3-4536-92D6-BDD8D9CD6652}.Release|iPhoneSimulator.Build.0 = Release|Any CPU
		{17AE38AE-EED3-4536-92D6-BDD8D9CD6652}.Release|iPhoneSimulator.Deploy.0 = Release|Any CPU
		{17AE38AE-EED3-4536-92D6-BDD8D9CD6652}.Release|x86.ActiveCfg = Release|x86
		{17AE38AE-EED3-4536-92D6-BDD8D9CD6652}.Release|x86.Build.0 = Release|x86
		{17AE38AE-EED3-4536-92D6-BDD8D9CD6652}.Release|x86.Deploy.0 = Release|x86
		{36142AC9-63C7-4D31-AC91-ED49D300B944}.Ad-Hoc|Any CPU.ActiveCfg = Release|Any CPU
		{36142AC9-63C7-4D31-AC91-ED49D300B944}.Ad-Hoc|Any CPU.Build.0 = Release|Any CPU
		{36142AC9-63C7-4D31-AC91-ED49D300B944}.Ad-Hoc|ARM.ActiveCfg = Release|Any CPU
		{36142AC9-63C7-4D31-AC91-ED49D300B944}.Ad-Hoc|ARM.Build.0 = Release|Any CPU
		{36142AC9-63C7-4D31-AC91-ED49D300B944}.Ad-Hoc|iPhone.ActiveCfg = Release|Any CPU
		{36142AC9-63C7-4D31-AC91-ED49D300B944}.Ad-Hoc|iPhone.Build.0 = Release|Any CPU
		{36142AC9-63C7-4D31-AC91-ED49D300B944}.Ad-Hoc|iPhoneSimulator.ActiveCfg = Release|Any CPU
		{36142AC9-63C7-4D31-AC91-ED49D300B944}.Ad-Hoc|iPhoneSimulator.Build.0 = Release|Any CPU
		{36142AC9-63C7-4D31-AC91-ED49D300B944}.Ad-Hoc|x86.ActiveCfg = Release|Any CPU
		{36142AC9-63C7-4D31-AC91-ED49D300B944}.Ad-Hoc|x86.Build.0 = Release|Any CPU
		{36142AC9-63C7-4D31-AC91-ED49D300B944}.AppStore|Any CPU.ActiveCfg = Release|Any CPU
		{36142AC9-63C7-4D31-AC91-ED49D300B944}.AppStore|Any CPU.Build.0 = Release|Any CPU
		{36142AC9-63C7-4D31-AC91-ED49D300B944}.AppStore|ARM.ActiveCfg = Release|Any CPU
		{36142AC9-63C7-4D31-AC91-ED49D300B944}.AppStore|ARM.Build.0 = Release|Any CPU
		{36142AC9-63C7-4D31-AC91-ED49D300B944}.AppStore|iPhone.ActiveCfg = Release|Any CPU
		{36142AC9-63C7-4D31-AC91-ED49D300B944}.AppStore|iPhone.Build.0 = Release|Any CPU
		{36142AC9-63C7-4D31-AC91-ED49D300B944}.AppStore|iPhoneSimulator.ActiveCfg = Release|Any CPU
		{36142AC9-63C7-4D31-AC91-ED49D300B944}.AppStore|iPhoneSimulator.Build.0 = Release|Any CPU
		{36142AC9-63C7-4D31-AC91-ED49D300B944}.AppStore|x86.ActiveCfg = Release|Any CPU
		{36142AC9-63C7-4D31-AC91-ED49D300B944}.AppStore|x86.Build.0 = Release|Any CPU
		{36142AC9-63C7-4D31-AC91-ED49D300B944}.Debug|Any CPU.ActiveCfg = Debug|Any CPU
		{36142AC9-63C7-4D31-AC91-ED49D300B944}.Debug|Any CPU.Build.0 = Debug|Any CPU
		{36142AC9-63C7-4D31-AC91-ED49D300B944}.Debug|ARM.ActiveCfg = Debug|Any CPU
		{36142AC9-63C7-4D31-AC91-ED49D300B944}.Debug|ARM.Build.0 = Debug|Any CPU
		{36142AC9-63C7-4D31-AC91-ED49D300B944}.Debug|iPhone.ActiveCfg = Debug|Any CPU
		{36142AC9-63C7-4D31-AC91-ED49D300B944}.Debug|iPhone.Build.0 = Debug|Any CPU
		{36142AC9-63C7-4D31-AC91-ED49D300B944}.Debug|iPhoneSimulator.ActiveCfg = Debug|Any CPU
		{36142AC9-63C7-4D31-AC91-ED49D300B944}.Debug|iPhoneSimulator.Build.0 = Debug|Any CPU
		{36142AC9-63C7-4D31-AC91-ED49D300B944}.Debug|x86.ActiveCfg = Debug|Any CPU
		{36142AC9-63C7-4D31-AC91-ED49D300B944}.Debug|x86.Build.0 = Debug|Any CPU
		{36142AC9-63C7-4D31-AC91-ED49D300B944}.Release|Any CPU.ActiveCfg = Release|Any CPU
		{36142AC9-63C7-4D31-AC91-ED49D300B944}.Release|Any CPU.Build.0 = Release|Any CPU
		{36142AC9-63C7-4D31-AC91-ED49D300B944}.Release|ARM.ActiveCfg = Release|Any CPU
		{36142AC9-63C7-4D31-AC91-ED49D300B944}.Release|ARM.Build.0 = Release|Any CPU
		{36142AC9-63C7-4D31-AC91-ED49D300B944}.Release|iPhone.ActiveCfg = Release|Any CPU
		{36142AC9-63C7-4D31-AC91-ED49D300B944}.Release|iPhone.Build.0 = Release|Any CPU
		{36142AC9-63C7-4D31-AC91-ED49D300B944}.Release|iPhoneSimulator.ActiveCfg = Release|Any CPU
		{36142AC9-63C7-4D31-AC91-ED49D300B944}.Release|iPhoneSimulator.Build.0 = Release|Any CPU
		{36142AC9-63C7-4D31-AC91-ED49D300B944}.Release|x86.ActiveCfg = Release|Any CPU
		{36142AC9-63C7-4D31-AC91-ED49D300B944}.Release|x86.Build.0 = Release|Any CPU
	EndGlobalSection
	GlobalSection(SolutionProperties) = preSolution
		HideSolutionNode = FALSE
	EndGlobalSection
EndGlobal
