
Microsoft Visual Studio Solution File, Format Version 12.00
# Visual Studio 14
VisualStudioVersion = 14.0.23107.0
MinimumVisualStudioVersion = 10.0.40219.1
Project("{FAE04EC0-301F-11D3-BF4B-00C04F79EFBC}") = "DeviceSensors", "DeviceSensors\DeviceSensors\DeviceSensors.csproj", "{1E2A99E1-788C-4541-8974-BF4BFF189A06}"
EndProject
Project("{FAE04EC0-301F-11D3-BF4B-00C04F79EFBC}") = "DeviceSensors.iOS", "DeviceSensors\DeviceSensors.iOS\DeviceSensors.iOS.csproj", "{F01D8424-1BE1-4C14-9247-8E0A6E4DD202}"
EndProject
Project("{FAE04EC0-301F-11D3-BF4B-00C04F79EFBC}") = "DeviceSensors.Droid", "DeviceSensors\DeviceSensors.Droid\DeviceSensors.Droid.csproj", "{01B0A613-CD41-4FAC-9A21-C37A78635D92}"
EndProject
Project("{FAE04EC0-301F-11D3-BF4B-00C04F79EFBC}") = "DeviceSensors.WinPhone", "DeviceSensors\DeviceSensors.WinPhone\DeviceSensors.WinPhone.csproj", "{85BA504E-0004-4A1A-80C5-9A372805446E}"
EndProject
Global
	GlobalSection(SolutionConfigurationPlatforms) = preSolution
		Ad-Hoc|Any CPU = Ad-Hoc|Any CPU
		Ad-Hoc|ARM = Ad-Hoc|ARM
		Ad-Hoc|iPhone = Ad-Hoc|iPhone
		Ad-Hoc|iPhoneSimulator = Ad-Hoc|iPhoneSimulator
		Ad-Hoc|x86 = Ad-Hoc|x86
		AppStore|Any CPU = AppStore|Any CPU
		AppStore|ARM = AppStore|ARM
		AppStore|iPhone = AppStore|iPhone
		AppStore|iPhoneSimulator = AppStore|iPhoneSimulator
		AppStore|x86 = AppStore|x86
		Debug|Any CPU = Debug|Any CPU
		Debug|ARM = Debug|ARM
		Debug|iPhone = Debug|iPhone
		Debug|iPhoneSimulator = Debug|iPhoneSimulator
		Debug|x86 = Debug|x86
		Release|Any CPU = Release|Any CPU
		Release|ARM = Release|ARM
		Release|iPhone = Release|iPhone
		Release|iPhoneSimulator = Release|iPhoneSimulator
		Release|x86 = Release|x86
	EndGlobalSection
	GlobalSection(ProjectConfigurationPlatforms) = postSolution
		{1E2A99E1-788C-4541-8974-BF4BFF189A06}.Ad-Hoc|Any CPU.ActiveCfg = Release|Any CPU
		{1E2A99E1-788C-4541-8974-BF4BFF189A06}.Ad-Hoc|Any CPU.Build.0 = Release|Any CPU
		{1E2A99E1-788C-4541-8974-BF4BFF189A06}.Ad-Hoc|ARM.ActiveCfg = Release|Any CPU
		{1E2A99E1-788C-4541-8974-BF4BFF189A06}.Ad-Hoc|ARM.Build.0 = Release|Any CPU
		{1E2A99E1-788C-4541-8974-BF4BFF189A06}.Ad-Hoc|iPhone.ActiveCfg = Release|Any CPU
		{1E2A99E1-788C-4541-8974-BF4BFF189A06}.Ad-Hoc|iPhone.Build.0 = Release|Any CPU
		{1E2A99E1-788C-4541-8974-BF4BFF189A06}.Ad-Hoc|iPhoneSimulator.ActiveCfg = Release|Any CPU
		{1E2A99E1-788C-4541-8974-BF4BFF189A06}.Ad-Hoc|iPhoneSimulator.Build.0 = Release|Any CPU
		{1E2A99E1-788C-4541-8974-BF4BFF189A06}.Ad-Hoc|x86.ActiveCfg = Release|Any CPU
		{1E2A99E1-788C-4541-8974-BF4BFF189A06}.Ad-Hoc|x86.Build.0 = Release|Any CPU
		{1E2A99E1-788C-4541-8974-BF4BFF189A06}.AppStore|Any CPU.ActiveCfg = Release|Any CPU
		{1E2A99E1-788C-4541-8974-BF4BFF189A06}.AppStore|Any CPU.Build.0 = Release|Any CPU
		{1E2A99E1-788C-4541-8974-BF4BFF189A06}.AppStore|ARM.ActiveCfg = Release|Any CPU
		{1E2A99E1-788C-4541-8974-BF4BFF189A06}.AppStore|ARM.Build.0 = Release|Any CPU
		{1E2A99E1-788C-4541-8974-BF4BFF189A06}.AppStore|iPhone.ActiveCfg = Release|Any CPU
		{1E2A99E1-788C-4541-8974-BF4BFF189A06}.AppStore|iPhone.Build.0 = Release|Any CPU
		{1E2A99E1-788C-4541-8974-BF4BFF189A06}.AppStore|iPhoneSimulator.ActiveCfg = Release|Any CPU
		{1E2A99E1-788C-4541-8974-BF4BFF189A06}.AppStore|iPhoneSimulator.Build.0 = Release|Any CPU
		{1E2A99E1-788C-4541-8974-BF4BFF189A06}.AppStore|x86.ActiveCfg = Release|Any CPU
		{1E2A99E1-788C-4541-8974-BF4BFF189A06}.AppStore|x86.Build.0 = Release|Any CPU
		{1E2A99E1-788C-4541-8974-BF4BFF189A06}.Debug|Any CPU.ActiveCfg = Debug|Any CPU
		{1E2A99E1-788C-4541-8974-BF4BFF189A06}.Debug|Any CPU.Build.0 = Debug|Any CPU
		{1E2A99E1-788C-4541-8974-BF4BFF189A06}.Debug|ARM.ActiveCfg = Debug|Any CPU
		{1E2A99E1-788C-4541-8974-BF4BFF189A06}.Debug|ARM.Build.0 = Debug|Any CPU
		{1E2A99E1-788C-4541-8974-BF4BFF189A06}.Debug|iPhone.ActiveCfg = Debug|Any CPU
		{1E2A99E1-788C-4541-8974-BF4BFF189A06}.Debug|iPhone.Build.0 = Debug|Any CPU
		{1E2A99E1-788C-4541-8974-BF4BFF189A06}.Debug|iPhoneSimulator.ActiveCfg = Debug|Any CPU
		{1E2A99E1-788C-4541-8974-BF4BFF189A06}.Debug|iPhoneSimulator.Build.0 = Debug|Any CPU
		{1E2A99E1-788C-4541-8974-BF4BFF189A06}.Debug|x86.ActiveCfg = Debug|Any CPU
		{1E2A99E1-788C-4541-8974-BF4BFF189A06}.Debug|x86.Build.0 = Debug|Any CPU
		{1E2A99E1-788C-4541-8974-BF4BFF189A06}.Release|Any CPU.ActiveCfg = Release|Any CPU
		{1E2A99E1-788C-4541-8974-BF4BFF189A06}.Release|Any CPU.Build.0 = Release|Any CPU
		{1E2A99E1-788C-4541-8974-BF4BFF189A06}.Release|ARM.ActiveCfg = Release|Any CPU
		{1E2A99E1-788C-4541-8974-BF4BFF189A06}.Release|ARM.Build.0 = Release|Any CPU
		{1E2A99E1-788C-4541-8974-BF4BFF189A06}.Release|iPhone.ActiveCfg = Release|Any CPU
		{1E2A99E1-788C-4541-8974-BF4BFF189A06}.Release|iPhone.Build.0 = Release|Any CPU
		{1E2A99E1-788C-4541-8974-BF4BFF189A06}.Release|iPhoneSimulator.ActiveCfg = Release|Any CPU
		{1E2A99E1-788C-4541-8974-BF4BFF189A06}.Release|iPhoneSimulator.Build.0 = Release|Any CPU
		{1E2A99E1-788C-4541-8974-BF4BFF189A06}.Release|x86.ActiveCfg = Release|Any CPU
		{1E2A99E1-788C-4541-8974-BF4BFF189A06}.Release|x86.Build.0 = Release|Any CPU
		{F01D8424-1BE1-4C14-9247-8E0A6E4DD202}.Ad-Hoc|Any CPU.ActiveCfg = Ad-Hoc|iPhone
		{F01D8424-1BE1-4C14-9247-8E0A6E4DD202}.Ad-Hoc|ARM.ActiveCfg = Ad-Hoc|iPhone
		{F01D8424-1BE1-4C14-9247-8E0A6E4DD202}.Ad-Hoc|iPhone.ActiveCfg = Ad-Hoc|iPhone
		{F01D8424-1BE1-4C14-9247-8E0A6E4DD202}.Ad-Hoc|iPhone.Build.0 = Ad-Hoc|iPhone
		{F01D8424-1BE1-4C14-9247-8E0A6E4DD202}.Ad-Hoc|iPhoneSimulator.ActiveCfg = Ad-Hoc|iPhoneSimulator
		{F01D8424-1BE1-4C14-9247-8E0A6E4DD202}.Ad-Hoc|iPhoneSimulator.Build.0 = Ad-Hoc|iPhoneSimulator
		{F01D8424-1BE1-4C14-9247-8E0A6E4DD202}.Ad-Hoc|x86.ActiveCfg = Ad-Hoc|iPhone
		{F01D8424-1BE1-4C14-9247-8E0A6E4DD202}.AppStore|Any CPU.ActiveCfg = AppStore|iPhone
		{F01D8424-1BE1-4C14-9247-8E0A6E4DD202}.AppStore|ARM.ActiveCfg = AppStore|iPhone
		{F01D8424-1BE1-4C14-9247-8E0A6E4DD202}.AppStore|iPhone.ActiveCfg = AppStore|iPhone
		{F01D8424-1BE1-4C14-9247-8E0A6E4DD202}.AppStore|iPhone.Build.0 = AppStore|iPhone
		{F01D8424-1BE1-4C14-9247-8E0A6E4DD202}.AppStore|iPhoneSimulator.ActiveCfg = AppStore|iPhoneSimulator
		{F01D8424-1BE1-4C14-9247-8E0A6E4DD202}.AppStore|iPhoneSimulator.Build.0 = AppStore|iPhoneSimulator
		{F01D8424-1BE1-4C14-9247-8E0A6E4DD202}.AppStore|x86.ActiveCfg = AppStore|iPhone
		{F01D8424-1BE1-4C14-9247-8E0A6E4DD202}.Debug|Any CPU.ActiveCfg = Debug|iPhone
		{F01D8424-1BE1-4C14-9247-8E0A6E4DD202}.Debug|ARM.ActiveCfg = Debug|iPhone
		{F01D8424-1BE1-4C14-9247-8E0A6E4DD202}.Debug|iPhone.ActiveCfg = Debug|iPhone
		{F01D8424-1BE1-4C14-9247-8E0A6E4DD202}.Debug|iPhone.Build.0 = Debug|iPhone
		{F01D8424-1BE1-4C14-9247-8E0A6E4DD202}.Debug|iPhoneSimulator.ActiveCfg = Debug|iPhoneSimulator
		{F01D8424-1BE1-4C14-9247-8E0A6E4DD202}.Debug|iPhoneSimulator.Build.0 = Debug|iPhoneSimulator
		{F01D8424-1BE1-4C14-9247-8E0A6E4DD202}.Debug|x86.ActiveCfg = Debug|iPhone
		{F01D8424-1BE1-4C14-9247-8E0A6E4DD202}.Release|Any CPU.ActiveCfg = Release|iPhone
		{F01D8424-1BE1-4C14-9247-8E0A6E4DD202}.Release|ARM.ActiveCfg = Release|iPhone
		{F01D8424-1BE1-4C14-9247-8E0A6E4DD202}.Release|iPhone.ActiveCfg = Release|iPhone
		{F01D8424-1BE1-4C14-9247-8E0A6E4DD202}.Release|iPhone.Build.0 = Release|iPhone
		{F01D8424-1BE1-4C14-9247-8E0A6E4DD202}.Release|iPhoneSimulator.ActiveCfg = Release|iPhoneSimulator
		{F01D8424-1BE1-4C14-9247-8E0A6E4DD202}.Release|iPhoneSimulator.Build.0 = Release|iPhoneSimulator
		{F01D8424-1BE1-4C14-9247-8E0A6E4DD202}.Release|x86.ActiveCfg = Release|iPhone
		{01B0A613-CD41-4FAC-9A21-C37A78635D92}.Ad-Hoc|Any CPU.ActiveCfg = Release|Any CPU
		{01B0A613-CD41-4FAC-9A21-C37A78635D92}.Ad-Hoc|Any CPU.Build.0 = Release|Any CPU
		{01B0A613-CD41-4FAC-9A21-C37A78635D92}.Ad-Hoc|Any CPU.Deploy.0 = Release|Any CPU
		{01B0A613-CD41-4FAC-9A21-C37A78635D92}.Ad-Hoc|ARM.ActiveCfg = Release|Any CPU
		{01B0A613-CD41-4FAC-9A21-C37A78635D92}.Ad-Hoc|ARM.Build.0 = Release|Any CPU
		{01B0A613-CD41-4FAC-9A21-C37A78635D92}.Ad-Hoc|ARM.Deploy.0 = Release|Any CPU
		{01B0A613-CD41-4FAC-9A21-C37A78635D92}.Ad-Hoc|iPhone.ActiveCfg = Release|Any CPU
		{01B0A613-CD41-4FAC-9A21-C37A78635D92}.Ad-Hoc|iPhone.Build.0 = Release|Any CPU
		{01B0A613-CD41-4FAC-9A21-C37A78635D92}.Ad-Hoc|iPhone.Deploy.0 = Release|Any CPU
		{01B0A613-CD41-4FAC-9A21-C37A78635D92}.Ad-Hoc|iPhoneSimulator.ActiveCfg = Release|Any CPU
		{01B0A613-CD41-4FAC-9A21-C37A78635D92}.Ad-Hoc|iPhoneSimulator.Build.0 = Release|Any CPU
		{01B0A613-CD41-4FAC-9A21-C37A78635D92}.Ad-Hoc|iPhoneSimulator.Deploy.0 = Release|Any CPU
		{01B0A613-CD41-4FAC-9A21-C37A78635D92}.Ad-Hoc|x86.ActiveCfg = Release|Any CPU
		{01B0A613-CD41-4FAC-9A21-C37A78635D92}.Ad-Hoc|x86.Build.0 = Release|Any CPU
		{01B0A613-CD41-4FAC-9A21-C37A78635D92}.Ad-Hoc|x86.Deploy.0 = Release|Any CPU
		{01B0A613-CD41-4FAC-9A21-C37A78635D92}.AppStore|Any CPU.ActiveCfg = Release|Any CPU
		{01B0A613-CD41-4FAC-9A21-C37A78635D92}.AppStore|Any CPU.Build.0 = Release|Any CPU
		{01B0A613-CD41-4FAC-9A21-C37A78635D92}.AppStore|Any CPU.Deploy.0 = Release|Any CPU
		{01B0A613-CD41-4FAC-9A21-C37A78635D92}.AppStore|ARM.ActiveCfg = Release|Any CPU
		{01B0A613-CD41-4FAC-9A21-C37A78635D92}.AppStore|ARM.Build.0 = Release|Any CPU
		{01B0A613-CD41-4FAC-9A21-C37A78635D92}.AppStore|ARM.Deploy.0 = Release|Any CPU
		{01B0A613-CD41-4FAC-9A21-C37A78635D92}.AppStore|iPhone.ActiveCfg = Release|Any CPU
		{01B0A613-CD41-4FAC-9A21-C37A78635D92}.AppStore|iPhone.Build.0 = Release|Any CPU
		{01B0A613-CD41-4FAC-9A21-C37A78635D92}.AppStore|iPhone.Deploy.0 = Release|Any CPU
		{01B0A613-CD41-4FAC-9A21-C37A78635D92}.AppStore|iPhoneSimulator.ActiveCfg = Release|Any CPU
		{01B0A613-CD41-4FAC-9A21-C37A78635D92}.AppStore|iPhoneSimulator.Build.0 = Release|Any CPU
		{01B0A613-CD41-4FAC-9A21-C37A78635D92}.AppStore|iPhoneSimulator.Deploy.0 = Release|Any CPU
		{01B0A613-CD41-4FAC-9A21-C37A78635D92}.AppStore|x86.ActiveCfg = Release|Any CPU
		{01B0A613-CD41-4FAC-9A21-C37A78635D92}.AppStore|x86.Build.0 = Release|Any CPU
		{01B0A613-CD41-4FAC-9A21-C37A78635D92}.AppStore|x86.Deploy.0 = Release|Any CPU
		{01B0A613-CD41-4FAC-9A21-C37A78635D92}.Debug|Any CPU.ActiveCfg = Debug|Any CPU
		{01B0A613-CD41-4FAC-9A21-C37A78635D92}.Debug|Any CPU.Build.0 = Debug|Any CPU
		{01B0A613-CD41-4FAC-9A21-C37A78635D92}.Debug|Any CPU.Deploy.0 = Debug|Any CPU
		{01B0A613-CD41-4FAC-9A21-C37A78635D92}.Debug|ARM.ActiveCfg = Debug|Any CPU
		{01B0A613-CD41-4FAC-9A21-C37A78635D92}.Debug|ARM.Build.0 = Debug|Any CPU
		{01B0A613-CD41-4FAC-9A21-C37A78635D92}.Debug|ARM.Deploy.0 = Debug|Any CPU
		{01B0A613-CD41-4FAC-9A21-C37A78635D92}.Debug|iPhone.ActiveCfg = Debug|Any CPU
		{01B0A613-CD41-4FAC-9A21-C37A78635D92}.Debug|iPhone.Build.0 = Debug|Any CPU
		{01B0A613-CD41-4FAC-9A21-C37A78635D92}.Debug|iPhone.Deploy.0 = Debug|Any CPU
		{01B0A613-CD41-4FAC-9A21-C37A78635D92}.Debug|iPhoneSimulator.ActiveCfg = Debug|Any CPU
		{01B0A613-CD41-4FAC-9A21-C37A78635D92}.Debug|iPhoneSimulator.Build.0 = Debug|Any CPU
		{01B0A613-CD41-4FAC-9A21-C37A78635D92}.Debug|iPhoneSimulator.Deploy.0 = Debug|Any CPU
		{01B0A613-CD41-4FAC-9A21-C37A78635D92}.Debug|x86.ActiveCfg = Debug|Any CPU
		{01B0A613-CD41-4FAC-9A21-C37A78635D92}.Debug|x86.Build.0 = Debug|Any CPU
		{01B0A613-CD41-4FAC-9A21-C37A78635D92}.Debug|x86.Deploy.0 = Debug|Any CPU
		{01B0A613-CD41-4FAC-9A21-C37A78635D92}.Release|Any CPU.ActiveCfg = Release|Any CPU
		{01B0A613-CD41-4FAC-9A21-C37A78635D92}.Release|Any CPU.Build.0 = Release|Any CPU
		{01B0A613-CD41-4FAC-9A21-C37A78635D92}.Release|Any CPU.Deploy.0 = Release|Any CPU
		{01B0A613-CD41-4FAC-9A21-C37A78635D92}.Release|ARM.ActiveCfg = Release|Any CPU
		{01B0A613-CD41-4FAC-9A21-C37A78635D92}.Release|ARM.Build.0 = Release|Any CPU
		{01B0A613-CD41-4FAC-9A21-C37A78635D92}.Release|ARM.Deploy.0 = Release|Any CPU
		{01B0A613-CD41-4FAC-9A21-C37A78635D92}.Release|iPhone.ActiveCfg = Release|Any CPU
		{01B0A613-CD41-4FAC-9A21-C37A78635D92}.Release|iPhone.Build.0 = Release|Any CPU
		{01B0A613-CD41-4FAC-9A21-C37A78635D92}.Release|iPhone.Deploy.0 = Release|Any CPU
		{01B0A613-CD41-4FAC-9A21-C37A78635D92}.Release|iPhoneSimulator.ActiveCfg = Release|Any CPU
		{01B0A613-CD41-4FAC-9A21-C37A78635D92}.Release|iPhoneSimulator.Build.0 = Release|Any CPU
		{01B0A613-CD41-4FAC-9A21-C37A78635D92}.Release|iPhoneSimulator.Deploy.0 = Release|Any CPU
		{01B0A613-CD41-4FAC-9A21-C37A78635D92}.Release|x86.ActiveCfg = Release|Any CPU
		{01B0A613-CD41-4FAC-9A21-C37A78635D92}.Release|x86.Build.0 = Release|Any CPU
		{01B0A613-CD41-4FAC-9A21-C37A78635D92}.Release|x86.Deploy.0 = Release|Any CPU
		{85BA504E-0004-4A1A-80C5-9A372805446E}.Ad-Hoc|Any CPU.ActiveCfg = Release|Any CPU
		{85BA504E-0004-4A1A-80C5-9A372805446E}.Ad-Hoc|Any CPU.Build.0 = Release|Any CPU
		{85BA504E-0004-4A1A-80C5-9A372805446E}.Ad-Hoc|Any CPU.Deploy.0 = Release|Any CPU
		{85BA504E-0004-4A1A-80C5-9A372805446E}.Ad-Hoc|ARM.ActiveCfg = Release|ARM
		{85BA504E-0004-4A1A-80C5-9A372805446E}.Ad-Hoc|ARM.Build.0 = Release|ARM
		{85BA504E-0004-4A1A-80C5-9A372805446E}.Ad-Hoc|ARM.Deploy.0 = Release|ARM
		{85BA504E-0004-4A1A-80C5-9A372805446E}.Ad-Hoc|iPhone.ActiveCfg = Release|Any CPU
		{85BA504E-0004-4A1A-80C5-9A372805446E}.Ad-Hoc|iPhone.Build.0 = Release|Any CPU
		{85BA504E-0004-4A1A-80C5-9A372805446E}.Ad-Hoc|iPhone.Deploy.0 = Release|Any CPU
		{85BA504E-0004-4A1A-80C5-9A372805446E}.Ad-Hoc|iPhoneSimulator.ActiveCfg = Release|Any CPU
		{85BA504E-0004-4A1A-80C5-9A372805446E}.Ad-Hoc|iPhoneSimulator.Build.0 = Release|Any CPU
		{85BA504E-0004-4A1A-80C5-9A372805446E}.Ad-Hoc|iPhoneSimulator.Deploy.0 = Release|Any CPU
		{85BA504E-0004-4A1A-80C5-9A372805446E}.Ad-Hoc|x86.ActiveCfg = Release|x86
		{85BA504E-0004-4A1A-80C5-9A372805446E}.Ad-Hoc|x86.Build.0 = Release|x86
		{85BA504E-0004-4A1A-80C5-9A372805446E}.Ad-Hoc|x86.Deploy.0 = Release|x86
		{85BA504E-0004-4A1A-80C5-9A372805446E}.AppStore|Any CPU.ActiveCfg = Release|Any CPU
		{85BA504E-0004-4A1A-80C5-9A372805446E}.AppStore|Any CPU.Build.0 = Release|Any CPU
		{85BA504E-0004-4A1A-80C5-9A372805446E}.AppStore|Any CPU.Deploy.0 = Release|Any CPU
		{85BA504E-0004-4A1A-80C5-9A372805446E}.AppStore|ARM.ActiveCfg = Release|ARM
		{85BA504E-0004-4A1A-80C5-9A372805446E}.AppStore|ARM.Build.0 = Release|ARM
		{85BA504E-0004-4A1A-80C5-9A372805446E}.AppStore|ARM.Deploy.0 = Release|ARM
		{85BA504E-0004-4A1A-80C5-9A372805446E}.AppStore|iPhone.ActiveCfg = Release|Any CPU
		{85BA504E-0004-4A1A-80C5-9A372805446E}.AppStore|iPhone.Build.0 = Release|Any CPU
		{85BA504E-0004-4A1A-80C5-9A372805446E}.AppStore|iPhone.Deploy.0 = Release|Any CPU
		{85BA504E-0004-4A1A-80C5-9A372805446E}.AppStore|iPhoneSimulator.ActiveCfg = Release|Any CPU
		{85BA504E-0004-4A1A-80C5-9A372805446E}.AppStore|iPhoneSimulator.Build.0 = Release|Any CPU
		{85BA504E-0004-4A1A-80C5-9A372805446E}.AppStore|iPhoneSimulator.Deploy.0 = Release|Any CPU
		{85BA504E-0004-4A1A-80C5-9A372805446E}.AppStore|x86.ActiveCfg = Release|x86
		{85BA504E-0004-4A1A-80C5-9A372805446E}.AppStore|x86.Build.0 = Release|x86
		{85BA504E-0004-4A1A-80C5-9A372805446E}.AppStore|x86.Deploy.0 = Release|x86
		{85BA504E-0004-4A1A-80C5-9A372805446E}.Debug|Any CPU.ActiveCfg = Debug|Any CPU
		{85BA504E-0004-4A1A-80C5-9A372805446E}.Debug|Any CPU.Build.0 = Debug|Any CPU
		{85BA504E-0004-4A1A-80C5-9A372805446E}.Debug|Any CPU.Deploy.0 = Debug|Any CPU
		{85BA504E-0004-4A1A-80C5-9A372805446E}.Debug|ARM.ActiveCfg = Debug|ARM
		{85BA504E-0004-4A1A-80C5-9A372805446E}.Debug|ARM.Build.0 = Debug|ARM
		{85BA504E-0004-4A1A-80C5-9A372805446E}.Debug|ARM.Deploy.0 = Debug|ARM
		{85BA504E-0004-4A1A-80C5-9A372805446E}.Debug|iPhone.ActiveCfg = Debug|Any CPU
		{85BA504E-0004-4A1A-80C5-9A372805446E}.Debug|iPhone.Build.0 = Debug|Any CPU
		{85BA504E-0004-4A1A-80C5-9A372805446E}.Debug|iPhone.Deploy.0 = Debug|Any CPU
		{85BA504E-0004-4A1A-80C5-9A372805446E}.Debug|iPhoneSimulator.ActiveCfg = Debug|Any CPU
		{85BA504E-0004-4A1A-80C5-9A372805446E}.Debug|iPhoneSimulator.Build.0 = Debug|Any CPU
		{85BA504E-0004-4A1A-80C5-9A372805446E}.Debug|iPhoneSimulator.Deploy.0 = Debug|Any CPU
		{85BA504E-0004-4A1A-80C5-9A372805446E}.Debug|x86.ActiveCfg = Debug|x86
		{85BA504E-0004-4A1A-80C5-9A372805446E}.Debug|x86.Build.0 = Debug|x86
		{85BA504E-0004-4A1A-80C5-9A372805446E}.Debug|x86.Deploy.0 = Debug|x86
		{85BA504E-0004-4A1A-80C5-9A372805446E}.Release|Any CPU.ActiveCfg = Release|Any CPU
		{85BA504E-0004-4A1A-80C5-9A372805446E}.Release|Any CPU.Build.0 = Release|Any CPU
		{85BA504E-0004-4A1A-80C5-9A372805446E}.Release|Any CPU.Deploy.0 = Release|Any CPU
		{85BA504E-0004-4A1A-80C5-9A372805446E}.Release|ARM.ActiveCfg = Release|ARM
		{85BA504E-0004-4A1A-80C5-9A372805446E}.Release|ARM.Build.0 = Release|ARM
		{85BA504E-0004-4A1A-80C5-9A372805446E}.Release|ARM.Deploy.0 = Release|ARM
		{85BA504E-0004-4A1A-80C5-9A372805446E}.Release|iPhone.ActiveCfg = Release|Any CPU
		{85BA504E-0004-4A1A-80C5-9A372805446E}.Release|iPhone.Build.0 = Release|Any CPU
		{85BA504E-0004-4A1A-80C5-9A372805446E}.Release|iPhone.Deploy.0 = Release|Any CPU
		{85BA504E-0004-4A1A-80C5-9A372805446E}.Release|iPhoneSimulator.ActiveCfg = Release|Any CPU
		{85BA504E-0004-4A1A-80C5-9A372805446E}.Release|iPhoneSimulator.Build.0 = Release|Any CPU
		{85BA504E-0004-4A1A-80C5-9A372805446E}.Release|iPhoneSimulator.Deploy.0 = Release|Any CPU
		{85BA504E-0004-4A1A-80C5-9A372805446E}.Release|x86.ActiveCfg = Release|x86
		{85BA504E-0004-4A1A-80C5-9A372805446E}.Release|x86.Build.0 = Release|x86
		{85BA504E-0004-4A1A-80C5-9A372805446E}.Release|x86.Deploy.0 = Release|x86
	EndGlobalSection
	GlobalSection(SolutionProperties) = preSolution
		HideSolutionNode = FALSE
	EndGlobalSection
EndGlobal
