
Microsoft Visual Studio Solution File, Format Version 12.00
# Visual Studio 14
VisualStudioVersion = 14.0.23107.0
MinimumVisualStudioVersion = 10.0.40219.1
Project("{FAE04EC0-301F-11D3-BF4B-00C04F79EFBC}") = "NugetPackagingTarget", "NugetPackagingTarget\NugetPackagingTarget\NugetPackagingTarget.csproj", "{677E4978-B56E-4DAF-B29B-8DC49604E6D2}"
EndProject
Project("{FAE04EC0-301F-11D3-BF4B-00C04F79EFBC}") = "NugetPackagingTarget.iOS", "NugetPackagingTarget\NugetPackagingTarget.iOS\NugetPackagingTarget.iOS.csproj", "{83457F0A-7656-45DB-8F4E-2B67E5393EDC}"
EndProject
Project("{FAE04EC0-301F-11D3-BF4B-00C04F79EFBC}") = "NugetPackagingTarget.Droid", "NugetPackagingTarget\NugetPackagingTarget.Droid\NugetPackagingTarget.Droid.csproj", "{70E38720-59E8-459A-BCD7-74F09851BC3A}"
EndProject
Project("{FAE04EC0-301F-11D3-BF4B-00C04F79EFBC}") = "NugetPackagingTarget.WinPhone", "NugetPackagingTarget\NugetPackagingTarget.WinPhone\NugetPackagingTarget.WinPhone.csproj", "{78830A3F-D76D-4566-84F3-901B9E19C318}"
EndProject
Global
	GlobalSection(SolutionConfigurationPlatforms) = preSolution
		Ad-Hoc|Any CPU = Ad-Hoc|Any CPU
		Ad-Hoc|ARM = Ad-Hoc|ARM
		Ad-Hoc|iPhone = Ad-Hoc|iPhone
		Ad-Hoc|iPhoneSimulator = Ad-Hoc|iPhoneSimulator
		Ad-Hoc|x86 = Ad-Hoc|x86
		AppStore|Any CPU = AppStore|Any CPU
		AppStore|ARM = AppStore|ARM
		AppStore|iPhone = AppStore|iPhone
		AppStore|iPhoneSimulator = AppStore|iPhoneSimulator
		AppStore|x86 = AppStore|x86
		Debug|Any CPU = Debug|Any CPU
		Debug|ARM = Debug|ARM
		Debug|iPhone = Debug|iPhone
		Debug|iPhoneSimulator = Debug|iPhoneSimulator
		Debug|x86 = Debug|x86
		Release|Any CPU = Release|Any CPU
		Release|ARM = Release|ARM
		Release|iPhone = Release|iPhone
		Release|iPhoneSimulator = Release|iPhoneSimulator
		Release|x86 = Release|x86
	EndGlobalSection
	GlobalSection(ProjectConfigurationPlatforms) = postSolution
		{677E4978-B56E-4DAF-B29B-8DC49604E6D2}.Ad-Hoc|Any CPU.ActiveCfg = Release|Any CPU
		{677E4978-B56E-4DAF-B29B-8DC49604E6D2}.Ad-Hoc|Any CPU.Build.0 = Release|Any CPU
		{677E4978-B56E-4DAF-B29B-8DC49604E6D2}.Ad-Hoc|ARM.ActiveCfg = Release|Any CPU
		{677E4978-B56E-4DAF-B29B-8DC49604E6D2}.Ad-Hoc|ARM.Build.0 = Release|Any CPU
		{677E4978-B56E-4DAF-B29B-8DC49604E6D2}.Ad-Hoc|iPhone.ActiveCfg = Release|Any CPU
		{677E4978-B56E-4DAF-B29B-8DC49604E6D2}.Ad-Hoc|iPhone.Build.0 = Release|Any CPU
		{677E4978-B56E-4DAF-B29B-8DC49604E6D2}.Ad-Hoc|iPhoneSimulator.ActiveCfg = Release|Any CPU
		{677E4978-B56E-4DAF-B29B-8DC49604E6D2}.Ad-Hoc|iPhoneSimulator.Build.0 = Release|Any CPU
		{677E4978-B56E-4DAF-B29B-8DC49604E6D2}.Ad-Hoc|x86.ActiveCfg = Release|Any CPU
		{677E4978-B56E-4DAF-B29B-8DC49604E6D2}.Ad-Hoc|x86.Build.0 = Release|Any CPU
		{677E4978-B56E-4DAF-B29B-8DC49604E6D2}.AppStore|Any CPU.ActiveCfg = Release|Any CPU
		{677E4978-B56E-4DAF-B29B-8DC49604E6D2}.AppStore|Any CPU.Build.0 = Release|Any CPU
		{677E4978-B56E-4DAF-B29B-8DC49604E6D2}.AppStore|ARM.ActiveCfg = Release|Any CPU
		{677E4978-B56E-4DAF-B29B-8DC49604E6D2}.AppStore|ARM.Build.0 = Release|Any CPU
		{677E4978-B56E-4DAF-B29B-8DC49604E6D2}.AppStore|iPhone.ActiveCfg = Release|Any CPU
		{677E4978-B56E-4DAF-B29B-8DC49604E6D2}.AppStore|iPhone.Build.0 = Release|Any CPU
		{677E4978-B56E-4DAF-B29B-8DC49604E6D2}.AppStore|iPhoneSimulator.ActiveCfg = Release|Any CPU
		{677E4978-B56E-4DAF-B29B-8DC49604E6D2}.AppStore|iPhoneSimulator.Build.0 = Release|Any CPU
		{677E4978-B56E-4DAF-B29B-8DC49604E6D2}.AppStore|x86.ActiveCfg = Release|Any CPU
		{677E4978-B56E-4DAF-B29B-8DC49604E6D2}.AppStore|x86.Build.0 = Release|Any CPU
		{677E4978-B56E-4DAF-B29B-8DC49604E6D2}.Debug|Any CPU.ActiveCfg = Debug|Any CPU
		{677E4978-B56E-4DAF-B29B-8DC49604E6D2}.Debug|Any CPU.Build.0 = Debug|Any CPU
		{677E4978-B56E-4DAF-B29B-8DC49604E6D2}.Debug|ARM.ActiveCfg = Debug|Any CPU
		{677E4978-B56E-4DAF-B29B-8DC49604E6D2}.Debug|ARM.Build.0 = Debug|Any CPU
		{677E4978-B56E-4DAF-B29B-8DC49604E6D2}.Debug|iPhone.ActiveCfg = Debug|Any CPU
		{677E4978-B56E-4DAF-B29B-8DC49604E6D2}.Debug|iPhone.Build.0 = Debug|Any CPU
		{677E4978-B56E-4DAF-B29B-8DC49604E6D2}.Debug|iPhoneSimulator.ActiveCfg = Debug|Any CPU
		{677E4978-B56E-4DAF-B29B-8DC49604E6D2}.Debug|iPhoneSimulator.Build.0 = Debug|Any CPU
		{677E4978-B56E-4DAF-B29B-8DC49604E6D2}.Debug|x86.ActiveCfg = Debug|Any CPU
		{677E4978-B56E-4DAF-B29B-8DC49604E6D2}.Debug|x86.Build.0 = Debug|Any CPU
		{677E4978-B56E-4DAF-B29B-8DC49604E6D2}.Release|Any CPU.ActiveCfg = Release|Any CPU
		{677E4978-B56E-4DAF-B29B-8DC49604E6D2}.Release|Any CPU.Build.0 = Release|Any CPU
		{677E4978-B56E-4DAF-B29B-8DC49604E6D2}.Release|ARM.ActiveCfg = Release|Any CPU
		{677E4978-B56E-4DAF-B29B-8DC49604E6D2}.Release|ARM.Build.0 = Release|Any CPU
		{677E4978-B56E-4DAF-B29B-8DC49604E6D2}.Release|iPhone.ActiveCfg = Release|Any CPU
		{677E4978-B56E-4DAF-B29B-8DC49604E6D2}.Release|iPhone.Build.0 = Release|Any CPU
		{677E4978-B56E-4DAF-B29B-8DC49604E6D2}.Release|iPhoneSimulator.ActiveCfg = Release|Any CPU
		{677E4978-B56E-4DAF-B29B-8DC49604E6D2}.Release|iPhoneSimulator.Build.0 = Release|Any CPU
		{677E4978-B56E-4DAF-B29B-8DC49604E6D2}.Release|x86.ActiveCfg = Release|Any CPU
		{677E4978-B56E-4DAF-B29B-8DC49604E6D2}.Release|x86.Build.0 = Release|Any CPU
		{83457F0A-7656-45DB-8F4E-2B67E5393EDC}.Ad-Hoc|Any CPU.ActiveCfg = Ad-Hoc|iPhone
		{83457F0A-7656-45DB-8F4E-2B67E5393EDC}.Ad-Hoc|ARM.ActiveCfg = Ad-Hoc|iPhone
		{83457F0A-7656-45DB-8F4E-2B67E5393EDC}.Ad-Hoc|iPhone.ActiveCfg = Ad-Hoc|iPhone
		{83457F0A-7656-45DB-8F4E-2B67E5393EDC}.Ad-Hoc|iPhone.Build.0 = Ad-Hoc|iPhone
		{83457F0A-7656-45DB-8F4E-2B67E5393EDC}.Ad-Hoc|iPhoneSimulator.ActiveCfg = Ad-Hoc|iPhoneSimulator
		{83457F0A-7656-45DB-8F4E-2B67E5393EDC}.Ad-Hoc|iPhoneSimulator.Build.0 = Ad-Hoc|iPhoneSimulator
		{83457F0A-7656-45DB-8F4E-2B67E5393EDC}.Ad-Hoc|x86.ActiveCfg = Ad-Hoc|iPhone
		{83457F0A-7656-45DB-8F4E-2B67E5393EDC}.AppStore|Any CPU.ActiveCfg = AppStore|iPhone
		{83457F0A-7656-45DB-8F4E-2B67E5393EDC}.AppStore|ARM.ActiveCfg = AppStore|iPhone
		{83457F0A-7656-45DB-8F4E-2B67E5393EDC}.AppStore|iPhone.ActiveCfg = AppStore|iPhone
		{83457F0A-7656-45DB-8F4E-2B67E5393EDC}.AppStore|iPhone.Build.0 = AppStore|iPhone
		{83457F0A-7656-45DB-8F4E-2B67E5393EDC}.AppStore|iPhoneSimulator.ActiveCfg = AppStore|iPhoneSimulator
		{83457F0A-7656-45DB-8F4E-2B67E5393EDC}.AppStore|iPhoneSimulator.Build.0 = AppStore|iPhoneSimulator
		{83457F0A-7656-45DB-8F4E-2B67E5393EDC}.AppStore|x86.ActiveCfg = AppStore|iPhone
		{83457F0A-7656-45DB-8F4E-2B67E5393EDC}.Debug|Any CPU.ActiveCfg = Debug|iPhone
		{83457F0A-7656-45DB-8F4E-2B67E5393EDC}.Debug|ARM.ActiveCfg = Debug|iPhone
		{83457F0A-7656-45DB-8F4E-2B67E5393EDC}.Debug|iPhone.ActiveCfg = Debug|iPhone
		{83457F0A-7656-45DB-8F4E-2B67E5393EDC}.Debug|iPhone.Build.0 = Debug|iPhone
		{83457F0A-7656-45DB-8F4E-2B67E5393EDC}.Debug|iPhoneSimulator.ActiveCfg = Debug|iPhoneSimulator
		{83457F0A-7656-45DB-8F4E-2B67E5393EDC}.Debug|iPhoneSimulator.Build.0 = Debug|iPhoneSimulator
		{83457F0A-7656-45DB-8F4E-2B67E5393EDC}.Debug|x86.ActiveCfg = Debug|iPhone
		{83457F0A-7656-45DB-8F4E-2B67E5393EDC}.Release|Any CPU.ActiveCfg = Release|iPhone
		{83457F0A-7656-45DB-8F4E-2B67E5393EDC}.Release|ARM.ActiveCfg = Release|iPhone
		{83457F0A-7656-45DB-8F4E-2B67E5393EDC}.Release|iPhone.ActiveCfg = Release|iPhone
		{83457F0A-7656-45DB-8F4E-2B67E5393EDC}.Release|iPhone.Build.0 = Release|iPhone
		{83457F0A-7656-45DB-8F4E-2B67E5393EDC}.Release|iPhoneSimulator.ActiveCfg = Release|iPhoneSimulator
		{83457F0A-7656-45DB-8F4E-2B67E5393EDC}.Release|iPhoneSimulator.Build.0 = Release|iPhoneSimulator
		{83457F0A-7656-45DB-8F4E-2B67E5393EDC}.Release|x86.ActiveCfg = Release|iPhone
		{70E38720-59E8-459A-BCD7-74F09851BC3A}.Ad-Hoc|Any CPU.ActiveCfg = Release|Any CPU
		{70E38720-59E8-459A-BCD7-74F09851BC3A}.Ad-Hoc|Any CPU.Build.0 = Release|Any CPU
		{70E38720-59E8-459A-BCD7-74F09851BC3A}.Ad-Hoc|Any CPU.Deploy.0 = Release|Any CPU
		{70E38720-59E8-459A-BCD7-74F09851BC3A}.Ad-Hoc|ARM.ActiveCfg = Release|Any CPU
		{70E38720-59E8-459A-BCD7-74F09851BC3A}.Ad-Hoc|ARM.Build.0 = Release|Any CPU
		{70E38720-59E8-459A-BCD7-74F09851BC3A}.Ad-Hoc|ARM.Deploy.0 = Release|Any CPU
		{70E38720-59E8-459A-BCD7-74F09851BC3A}.Ad-Hoc|iPhone.ActiveCfg = Release|Any CPU
		{70E38720-59E8-459A-BCD7-74F09851BC3A}.Ad-Hoc|iPhone.Build.0 = Release|Any CPU
		{70E38720-59E8-459A-BCD7-74F09851BC3A}.Ad-Hoc|iPhone.Deploy.0 = Release|Any CPU
		{70E38720-59E8-459A-BCD7-74F09851BC3A}.Ad-Hoc|iPhoneSimulator.ActiveCfg = Release|Any CPU
		{70E38720-59E8-459A-BCD7-74F09851BC3A}.Ad-Hoc|iPhoneSimulator.Build.0 = Release|Any CPU
		{70E38720-59E8-459A-BCD7-74F09851BC3A}.Ad-Hoc|iPhoneSimulator.Deploy.0 = Release|Any CPU
		{70E38720-59E8-459A-BCD7-74F09851BC3A}.Ad-Hoc|x86.ActiveCfg = Release|Any CPU
		{70E38720-59E8-459A-BCD7-74F09851BC3A}.Ad-Hoc|x86.Build.0 = Release|Any CPU
		{70E38720-59E8-459A-BCD7-74F09851BC3A}.Ad-Hoc|x86.Deploy.0 = Release|Any CPU
		{70E38720-59E8-459A-BCD7-74F09851BC3A}.AppStore|Any CPU.ActiveCfg = Release|Any CPU
		{70E38720-59E8-459A-BCD7-74F09851BC3A}.AppStore|Any CPU.Build.0 = Release|Any CPU
		{70E38720-59E8-459A-BCD7-74F09851BC3A}.AppStore|Any CPU.Deploy.0 = Release|Any CPU
		{70E38720-59E8-459A-BCD7-74F09851BC3A}.AppStore|ARM.ActiveCfg = Release|Any CPU
		{70E38720-59E8-459A-BCD7-74F09851BC3A}.AppStore|ARM.Build.0 = Release|Any CPU
		{70E38720-59E8-459A-BCD7-74F09851BC3A}.AppStore|ARM.Deploy.0 = Release|Any CPU
		{70E38720-59E8-459A-BCD7-74F09851BC3A}.AppStore|iPhone.ActiveCfg = Release|Any CPU
		{70E38720-59E8-459A-BCD7-74F09851BC3A}.AppStore|iPhone.Build.0 = Release|Any CPU
		{70E38720-59E8-459A-BCD7-74F09851BC3A}.AppStore|iPhone.Deploy.0 = Release|Any CPU
		{70E38720-59E8-459A-BCD7-74F09851BC3A}.AppStore|iPhoneSimulator.ActiveCfg = Release|Any CPU
		{70E38720-59E8-459A-BCD7-74F09851BC3A}.AppStore|iPhoneSimulator.Build.0 = Release|Any CPU
		{70E38720-59E8-459A-BCD7-74F09851BC3A}.AppStore|iPhoneSimulator.Deploy.0 = Release|Any CPU
		{70E38720-59E8-459A-BCD7-74F09851BC3A}.AppStore|x86.ActiveCfg = Release|Any CPU
		{70E38720-59E8-459A-BCD7-74F09851BC3A}.AppStore|x86.Build.0 = Release|Any CPU
		{70E38720-59E8-459A-BCD7-74F09851BC3A}.AppStore|x86.Deploy.0 = Release|Any CPU
		{70E38720-59E8-459A-BCD7-74F09851BC3A}.Debug|Any CPU.ActiveCfg = Debug|Any CPU
		{70E38720-59E8-459A-BCD7-74F09851BC3A}.Debug|Any CPU.Build.0 = Debug|Any CPU
		{70E38720-59E8-459A-BCD7-74F09851BC3A}.Debug|Any CPU.Deploy.0 = Debug|Any CPU
		{70E38720-59E8-459A-BCD7-74F09851BC3A}.Debug|ARM.ActiveCfg = Debug|Any CPU
		{70E38720-59E8-459A-BCD7-74F09851BC3A}.Debug|ARM.Build.0 = Debug|Any CPU
		{70E38720-59E8-459A-BCD7-74F09851BC3A}.Debug|ARM.Deploy.0 = Debug|Any CPU
		{70E38720-59E8-459A-BCD7-74F09851BC3A}.Debug|iPhone.ActiveCfg = Debug|Any CPU
		{70E38720-59E8-459A-BCD7-74F09851BC3A}.Debug|iPhone.Build.0 = Debug|Any CPU
		{70E38720-59E8-459A-BCD7-74F09851BC3A}.Debug|iPhone.Deploy.0 = Debug|Any CPU
		{70E38720-59E8-459A-BCD7-74F09851BC3A}.Debug|iPhoneSimulator.ActiveCfg = Debug|Any CPU
		{70E38720-59E8-459A-BCD7-74F09851BC3A}.Debug|iPhoneSimulator.Build.0 = Debug|Any CPU
		{70E38720-59E8-459A-BCD7-74F09851BC3A}.Debug|iPhoneSimulator.Deploy.0 = Debug|Any CPU
		{70E38720-59E8-459A-BCD7-74F09851BC3A}.Debug|x86.ActiveCfg = Debug|Any CPU
		{70E38720-59E8-459A-BCD7-74F09851BC3A}.Debug|x86.Build.0 = Debug|Any CPU
		{70E38720-59E8-459A-BCD7-74F09851BC3A}.Debug|x86.Deploy.0 = Debug|Any CPU
		{70E38720-59E8-459A-BCD7-74F09851BC3A}.Release|Any CPU.ActiveCfg = Release|Any CPU
		{70E38720-59E8-459A-BCD7-74F09851BC3A}.Release|Any CPU.Build.0 = Release|Any CPU
		{70E38720-59E8-459A-BCD7-74F09851BC3A}.Release|Any CPU.Deploy.0 = Release|Any CPU
		{70E38720-59E8-459A-BCD7-74F09851BC3A}.Release|ARM.ActiveCfg = Release|Any CPU
		{70E38720-59E8-459A-BCD7-74F09851BC3A}.Release|ARM.Build.0 = Release|Any CPU
		{70E38720-59E8-459A-BCD7-74F09851BC3A}.Release|ARM.Deploy.0 = Release|Any CPU
		{70E38720-59E8-459A-BCD7-74F09851BC3A}.Release|iPhone.ActiveCfg = Release|Any CPU
		{70E38720-59E8-459A-BCD7-74F09851BC3A}.Release|iPhone.Build.0 = Release|Any CPU
		{70E38720-59E8-459A-BCD7-74F09851BC3A}.Release|iPhone.Deploy.0 = Release|Any CPU
		{70E38720-59E8-459A-BCD7-74F09851BC3A}.Release|iPhoneSimulator.ActiveCfg = Release|Any CPU
		{70E38720-59E8-459A-BCD7-74F09851BC3A}.Release|iPhoneSimulator.Build.0 = Release|Any CPU
		{70E38720-59E8-459A-BCD7-74F09851BC3A}.Release|iPhoneSimulator.Deploy.0 = Release|Any CPU
		{70E38720-59E8-459A-BCD7-74F09851BC3A}.Release|x86.ActiveCfg = Release|Any CPU
		{70E38720-59E8-459A-BCD7-74F09851BC3A}.Release|x86.Build.0 = Release|Any CPU
		{70E38720-59E8-459A-BCD7-74F09851BC3A}.Release|x86.Deploy.0 = Release|Any CPU
		{78830A3F-D76D-4566-84F3-901B9E19C318}.Ad-Hoc|Any CPU.ActiveCfg = Release|Any CPU
		{78830A3F-D76D-4566-84F3-901B9E19C318}.Ad-Hoc|Any CPU.Build.0 = Release|Any CPU
		{78830A3F-D76D-4566-84F3-901B9E19C318}.Ad-Hoc|Any CPU.Deploy.0 = Release|Any CPU
		{78830A3F-D76D-4566-84F3-901B9E19C318}.Ad-Hoc|ARM.ActiveCfg = Release|ARM
		{78830A3F-D76D-4566-84F3-901B9E19C318}.Ad-Hoc|ARM.Build.0 = Release|ARM
		{78830A3F-D76D-4566-84F3-901B9E19C318}.Ad-Hoc|ARM.Deploy.0 = Release|ARM
		{78830A3F-D76D-4566-84F3-901B9E19C318}.Ad-Hoc|iPhone.ActiveCfg = Release|Any CPU
		{78830A3F-D76D-4566-84F3-901B9E19C318}.Ad-Hoc|iPhone.Build.0 = Release|Any CPU
		{78830A3F-D76D-4566-84F3-901B9E19C318}.Ad-Hoc|iPhone.Deploy.0 = Release|Any CPU
		{78830A3F-D76D-4566-84F3-901B9E19C318}.Ad-Hoc|iPhoneSimulator.ActiveCfg = Release|Any CPU
		{78830A3F-D76D-4566-84F3-901B9E19C318}.Ad-Hoc|iPhoneSimulator.Build.0 = Release|Any CPU
		{78830A3F-D76D-4566-84F3-901B9E19C318}.Ad-Hoc|iPhoneSimulator.Deploy.0 = Release|Any CPU
		{78830A3F-D76D-4566-84F3-901B9E19C318}.Ad-Hoc|x86.ActiveCfg = Release|x86
		{78830A3F-D76D-4566-84F3-901B9E19C318}.Ad-Hoc|x86.Build.0 = Release|x86
		{78830A3F-D76D-4566-84F3-901B9E19C318}.Ad-Hoc|x86.Deploy.0 = Release|x86
		{78830A3F-D76D-4566-84F3-901B9E19C318}.AppStore|Any CPU.ActiveCfg = Release|Any CPU
		{78830A3F-D76D-4566-84F3-901B9E19C318}.AppStore|Any CPU.Build.0 = Release|Any CPU
		{78830A3F-D76D-4566-84F3-901B9E19C318}.AppStore|Any CPU.Deploy.0 = Release|Any CPU
		{78830A3F-D76D-4566-84F3-901B9E19C318}.AppStore|ARM.ActiveCfg = Release|ARM
		{78830A3F-D76D-4566-84F3-901B9E19C318}.AppStore|ARM.Build.0 = Release|ARM
		{78830A3F-D76D-4566-84F3-901B9E19C318}.AppStore|ARM.Deploy.0 = Release|ARM
		{78830A3F-D76D-4566-84F3-901B9E19C318}.AppStore|iPhone.ActiveCfg = Release|Any CPU
		{78830A3F-D76D-4566-84F3-901B9E19C318}.AppStore|iPhone.Build.0 = Release|Any CPU
		{78830A3F-D76D-4566-84F3-901B9E19C318}.AppStore|iPhone.Deploy.0 = Release|Any CPU
		{78830A3F-D76D-4566-84F3-901B9E19C318}.AppStore|iPhoneSimulator.ActiveCfg = Release|Any CPU
		{78830A3F-D76D-4566-84F3-901B9E19C318}.AppStore|iPhoneSimulator.Build.0 = Release|Any CPU
		{78830A3F-D76D-4566-84F3-901B9E19C318}.AppStore|iPhoneSimulator.Deploy.0 = Release|Any CPU
		{78830A3F-D76D-4566-84F3-901B9E19C318}.AppStore|x86.ActiveCfg = Release|x86
		{78830A3F-D76D-4566-84F3-901B9E19C318}.AppStore|x86.Build.0 = Release|x86
		{78830A3F-D76D-4566-84F3-901B9E19C318}.AppStore|x86.Deploy.0 = Release|x86
		{78830A3F-D76D-4566-84F3-901B9E19C318}.Debug|Any CPU.ActiveCfg = Debug|Any CPU
		{78830A3F-D76D-4566-84F3-901B9E19C318}.Debug|Any CPU.Build.0 = Debug|Any CPU
		{78830A3F-D76D-4566-84F3-901B9E19C318}.Debug|Any CPU.Deploy.0 = Debug|Any CPU
		{78830A3F-D76D-4566-84F3-901B9E19C318}.Debug|ARM.ActiveCfg = Debug|ARM
		{78830A3F-D76D-4566-84F3-901B9E19C318}.Debug|ARM.Build.0 = Debug|ARM
		{78830A3F-D76D-4566-84F3-901B9E19C318}.Debug|ARM.Deploy.0 = Debug|ARM
		{78830A3F-D76D-4566-84F3-901B9E19C318}.Debug|iPhone.ActiveCfg = Debug|Any CPU
		{78830A3F-D76D-4566-84F3-901B9E19C318}.Debug|iPhone.Build.0 = Debug|Any CPU
		{78830A3F-D76D-4566-84F3-901B9E19C318}.Debug|iPhone.Deploy.0 = Debug|Any CPU
		{78830A3F-D76D-4566-84F3-901B9E19C318}.Debug|iPhoneSimulator.ActiveCfg = Debug|Any CPU
		{78830A3F-D76D-4566-84F3-901B9E19C318}.Debug|iPhoneSimulator.Build.0 = Debug|Any CPU
		{78830A3F-D76D-4566-84F3-901B9E19C318}.Debug|iPhoneSimulator.Deploy.0 = Debug|Any CPU
		{78830A3F-D76D-4566-84F3-901B9E19C318}.Debug|x86.ActiveCfg = Debug|x86
		{78830A3F-D76D-4566-84F3-901B9E19C318}.Debug|x86.Build.0 = Debug|x86
		{78830A3F-D76D-4566-84F3-901B9E19C318}.Debug|x86.Deploy.0 = Debug|x86
		{78830A3F-D76D-4566-84F3-901B9E19C318}.Release|Any CPU.ActiveCfg = Release|Any CPU
		{78830A3F-D76D-4566-84F3-901B9E19C318}.Release|Any CPU.Build.0 = Release|Any CPU
		{78830A3F-D76D-4566-84F3-901B9E19C318}.Release|Any CPU.Deploy.0 = Release|Any CPU
		{78830A3F-D76D-4566-84F3-901B9E19C318}.Release|ARM.ActiveCfg = Release|ARM
		{78830A3F-D76D-4566-84F3-901B9E19C318}.Release|ARM.Build.0 = Release|ARM
		{78830A3F-D76D-4566-84F3-901B9E19C318}.Release|ARM.Deploy.0 = Release|ARM
		{78830A3F-D76D-4566-84F3-901B9E19C318}.Release|iPhone.ActiveCfg = Release|Any CPU
		{78830A3F-D76D-4566-84F3-901B9E19C318}.Release|iPhone.Build.0 = Release|Any CPU
		{78830A3F-D76D-4566-84F3-901B9E19C318}.Release|iPhone.Deploy.0 = Release|Any CPU
		{78830A3F-D76D-4566-84F3-901B9E19C318}.Release|iPhoneSimulator.ActiveCfg = Release|Any CPU
		{78830A3F-D76D-4566-84F3-901B9E19C318}.Release|iPhoneSimulator.Build.0 = Release|Any CPU
		{78830A3F-D76D-4566-84F3-901B9E19C318}.Release|iPhoneSimulator.Deploy.0 = Release|Any CPU
		{78830A3F-D76D-4566-84F3-901B9E19C318}.Release|x86.ActiveCfg = Release|x86
		{78830A3F-D76D-4566-84F3-901B9E19C318}.Release|x86.Build.0 = Release|x86
		{78830A3F-D76D-4566-84F3-901B9E19C318}.Release|x86.Deploy.0 = Release|x86
	EndGlobalSection
	GlobalSection(SolutionProperties) = preSolution
		HideSolutionNode = FALSE
	EndGlobalSection
EndGlobal
